
Microsoft Visual Studio Solution File, Format Version 12.00
Project("{FAE04EC0-301F-11D3-BF4B-00C04F79EFBC}") = "Main", "Main\Main.csproj", "{0BA17BF7-7E38-4F11-902A-2BB0F8B75151}"
EndProject
Global
	GlobalSection(SolutionConfigurationPlatforms) = preSolution
		Debug|Any CPU = Debug|Any CPU
		Release|Any CPU = Release|Any CPU
	EndGlobalSection
	GlobalSection(ProjectConfigurationPlatforms) = postSolution
		{0BA17BF7-7E38-4F11-902A-2BB0F8B75151}.Debug|Any CPU.ActiveCfg = Debug|Any CPU
		{0BA17BF7-7E38-4F11-902A-2BB0F8B75151}.Debug|Any CPU.Build.0 = Debug|Any CPU
		{0BA17BF7-7E38-4F11-902A-2BB0F8B75151}.Release|Any CPU.ActiveCfg = Release|Any CPU
		{0BA17BF7-7E38-4F11-902A-2BB0F8B75151}.Release|Any CPU.Build.0 = Release|Any CPU
	EndGlobalSection
EndGlobal
